<?xml version="1.0" encoding="utf-8"?>
<Project ToolsVersion="4.0" xmlns="http://schemas.microsoft.com/developer/msbuild/2003">
  <ItemGroup>
    <Filter Include="Source Files">
      <UniqueIdentifier>{4FC737F1-C7A5-4376-A066-2A32D752A2FF}</UniqueIdentifier>
      <Extensions>cpp;c;cc;cxx;def;odl;idl;hpj;bat;asm;asmx</Extensions>
    </Filter>
    <Filter Include="Header Files">
      <UniqueIdentifier>{93995380-89BD-4b04-88EB-625FBE52EBFB}</UniqueIdentifier>
      <Extensions>h;hh;hpp;hxx;hm;inl;inc;xsd</Extensions>
    </Filter>
    <Filter Include="Resource Files">
      <UniqueIdentifier>{67DA6AB6-F800-4c08-8B7A-83BB121AAD01}</UniqueIdentifier>
      <Extensions>rc;ico;cur;bmp;dlg;rc2;rct;bin;rgs;gif;jpg;jpeg;jpe;resx;tiff;tif;png;wav;mfcribbon-ms</Extensions>
    </Filter>
    <Filter Include="WebPages">
      <UniqueIdentifier>{03d8468a-832c-4c76-94c2-9cdc3887c36a}</UniqueIdentifier>
    </Filter>
  </ItemGroup>
  <ItemGroup>
    <None Include="WaterpoolManager.ino" />
    <None Include="ButtonLogic.ino" />
    <None Include="HeaterMainLogic.ino" />
    <None Include="LCD.ino" />
    <None Include="ReadButtonStates.ino" />
    <None Include="Relays.ino" />
    <None Include="Sensors.ino" />
    <None Include="WebServer.ino" />
    <None Include="EEPROM_Logging.ino" />
    <None Include="Settings.ino" />
    <None Include="ClockTimer.ino" />
  </ItemGroup>
  <ItemGroup>
    <ClInclude Include="__vm\.WaterpoolManager.vsarduino.h">
      <Filter>Header Files</Filter>
    </ClInclude>
    <ClInclude Include="EepromLogger.h">
      <Filter>Header Files</Filter>
    </ClInclude>
    <ClInclude Include="crc8.h">
      <Filter>Header Files</Filter>
    </ClInclude>
    <ClInclude Include="TimeSpan.h">
      <Filter>Header Files</Filter>
    </ClInclude>
    <ClInclude Include="index.h">
      <Filter>WebPages</Filter>
    </ClInclude>
    <ClInclude Include="logtable.h">
      <Filter>WebPages</Filter>
    </ClInclude>
    <ClInclude Include="time.h">
      <Filter>WebPages</Filter>
    </ClInclude>
    <ClInclude Include="settings.h">
      <Filter>WebPages</Filter>
    </ClInclude>
    <ClInclude Include="loggraph.h">
      <Filter>WebPages</Filter>
    </ClInclude>
  </ItemGroup>
  <ItemGroup>
    <ClCompile Include="EepromLogger.cpp">
      <Filter>Source Files</Filter>
    </ClCompile>
    <ClCompile Include="crc8.cpp">
      <Filter>Source Files</Filter>
    </ClCompile>
    <ClCompile Include="TimeSpan.cpp">
      <Filter>Source Files</Filter>
    </ClCompile>
  </ItemGroup>
</Project>